PODS:
  - FBSnapshotTestCase (2.1.4):
    - FBSnapshotTestCase/SwiftSupport (= 2.1.4)
  - FBSnapshotTestCase/Core (2.1.4)
  - FBSnapshotTestCase/SwiftSupport (2.1.4):
    - FBSnapshotTestCase/Core
  - ZoeFoundation (0.1.0)

DEPENDENCIES:
  - FBSnapshotTestCase
  - ZoeFoundation (from `../`)

SPEC REPOS:
  trunk:
    - FBSnapshotTestCase

EXTERNAL SOURCES:
  ZoeFoundation:
    :path: "../"

SPEC CHECKSUMS:
  FBSnapshotTestCase: 094f9f314decbabe373b87cc339bea235a63e07a
  ZoeFoundation: b697ce7b4517f94714e3abb926a3c86465b43918

PODFILE CHECKSUM: 221ca394d8cd58f9f9986e9bb194b177f01b21c6

COCOAPODS: 1.11.2
